{
  "name": "chips-maopu",
  "version": "1.0.0",
  "lockfileVersion": 3,
  "requires": true,
  "packages": {
    "": {
      "name": "chips-maopu",
      "version": "1.0.0",
      "license": "Apache License",
      "dependencies": {
        "minapp-sdk": "^3.22.0"
      }
    },
    "node_modules/minapp-sdk": {
      "version": "3.22.0",
      "resolved": "https://registry.npmjs.org/minapp-sdk/-/minapp-sdk-3.22.0.tgz",
      "integrity": "sha512-I2a4RoX/b6YrR+ChhIkh9ZnBWDD2Srwqy3JFYygbvSwO716S02BTMIsyXuYEPoS8y8nPc4Sc84MgVZpzTHXYvg=="
    }
  }
}
